
Microsoft Visual Studio Solution File, Format Version 12.00
Project("{FAE04EC0-301F-11D3-BF4B-00C04F79EFBC}") = "MauiBlockchain", "MauiBlockchain\MauiBlockchain.csproj", "{09DBE9A5-798D-4254-BE3F-EDE27744C589}"
EndProject
Global
	GlobalSection(SolutionConfigurationPlatforms) = preSolution
		Debug|Any CPU = Debug|Any CPU
		Release|Any CPU = Release|Any CPU
	EndGlobalSection
	GlobalSection(ProjectConfigurationPlatforms) = postSolution
		{09DBE9A5-798D-4254-BE3F-EDE27744C589}.Debug|Any CPU.ActiveCfg = Debug|Any CPU
		{09DBE9A5-798D-4254-BE3F-EDE27744C589}.Debug|Any CPU.Build.0 = Debug|Any CPU
		{09DBE9A5-798D-4254-BE3F-EDE27744C589}.Release|Any CPU.ActiveCfg = Release|Any CPU
		{09DBE9A5-798D-4254-BE3F-EDE27744C589}.Release|Any CPU.Build.0 = Release|Any CPU
	EndGlobalSection
EndGlobal
